
Microsoft Visual Studio Solution File, Format Version 12.00
# Visual Studio Version 16
VisualStudioVersion = 16.0.35229.62
MinimumVisualStudioVersion = 10.0.40219.1
Project("{FAE04EC0-301F-11D3-BF4B-00C04F79EFBC}") = "MIPS_New_DLL", "MIPS_New_DLL.csproj", "{68B2FF00-924D-41D9-BE5C-8A0DC5612254}"
EndProject
Global
	GlobalSection(SolutionConfigurationPlatforms) = preSolution
		Debug|Any CPU = Debug|Any CPU
		Release|Any CPU = Release|Any CPU
	EndGlobalSection
	GlobalSection(ProjectConfigurationPlatforms) = postSolution
		{68B2FF00-924D-41D9-BE5C-8A0DC5612254}.Debug|Any CPU.ActiveCfg = Debug|Any CPU
		{68B2FF00-924D-41D9-BE5C-8A0DC5612254}.Debug|Any CPU.Build.0 = Debug|Any CPU
		{68B2FF00-924D-41D9-BE5C-8A0DC5612254}.Release|Any CPU.ActiveCfg = Release|Any CPU
		{68B2FF00-924D-41D9-BE5C-8A0DC5612254}.Release|Any CPU.Build.0 = Release|Any CPU
	EndGlobalSection
	GlobalSection(SolutionProperties) = preSolution
		HideSolutionNode = FALSE
	EndGlobalSection
	GlobalSection(ExtensibilityGlobals) = postSolution
		SolutionGuid = {21140684-52F4-4BBC-B322-05C5C11680D3}
	EndGlobalSection
EndGlobal
